
Microsoft Visual Studio Solution File, Format Version 12.00
# Visual Studio 2012
Project("{FAE04EC0-301F-11D3-BF4B-00C04F79EFBC}") = "TimesheetService", "TimesheetService\TimesheetService.csproj", "{3EABCFF7-64DF-4B23-8CAB-B39FED00EAA0}"
EndProject
Project("{FAE04EC0-301F-11D3-BF4B-00C04F79EFBC}") = "TestService", "TestService\TestService.csproj", "{5E7D67F8-1271-49B3-8CA3-1572DCF71F50}"
EndProject
Global
	GlobalSection(SolutionConfigurationPlatforms) = preSolution
		Debug|Any CPU = Debug|Any CPU
		Release|Any CPU = Release|Any CPU
	EndGlobalSection
	GlobalSection(ProjectConfigurationPlatforms) = postSolution
		{3EABCFF7-64DF-4B23-8CAB-B39FED00EAA0}.Debug|Any CPU.ActiveCfg = Debug|Any CPU
		{3EABCFF7-64DF-4B23-8CAB-B39FED00EAA0}.Debug|Any CPU.Build.0 = Debug|Any CPU
		{3EABCFF7-64DF-4B23-8CAB-B39FED00EAA0}.Release|Any CPU.ActiveCfg = Release|Any CPU
		{3EABCFF7-64DF-4B23-8CAB-B39FED00EAA0}.Release|Any CPU.Build.0 = Release|Any CPU
		{5E7D67F8-1271-49B3-8CA3-1572DCF71F50}.Debug|Any CPU.ActiveCfg = Debug|Any CPU
		{5E7D67F8-1271-49B3-8CA3-1572DCF71F50}.Debug|Any CPU.Build.0 = Debug|Any CPU
		{5E7D67F8-1271-49B3-8CA3-1572DCF71F50}.Release|Any CPU.ActiveCfg = Release|Any CPU
		{5E7D67F8-1271-49B3-8CA3-1572DCF71F50}.Release|Any CPU.Build.0 = Release|Any CPU
	EndGlobalSection
	GlobalSection(SolutionProperties) = preSolution
		HideSolutionNode = FALSE
	EndGlobalSection
EndGlobal
